// !$*UTF8*$!
{
	archiveVersion = 1;
	classes = {
	};
	objectVersion = 46;
	objects = {

/* Begin PBXBuildFile section */
		032057D31E8DBB95005BCD1E /* AppDelegate.swift in Sources */ = {isa = PBXBuildFile; fileRef = 032057D21E8DBB95005BCD1E /* AppDelegate.swift */; };
		032057D51E8DBB95005BCD1E /* ViewController.swift in Sources */ = {isa = PBXBuildFile; fileRef = 032057D41E8DBB95005BCD1E /* ViewController.swift */; };
		032057D81E8DBB95005BCD1E /* Main.storyboard in Resources */ = {isa = PBXBuildFile; fileRef = 032057D61E8DBB95005BCD1E /* Main.storyboard */; };
		032057DA1E8DBB95005BCD1E /* Assets.xcassets in Resources */ = {isa = PBXBuildFile; fileRef = 032057D91E8DBB95005BCD1E /* Assets.xcassets */; };
		032057DD1E8DBB95005BCD1E /* LaunchScreen.storyboard in Resources */ = {isa = PBXBuildFile; fileRef = 032057DB1E8DBB95005BCD1E /* LaunchScreen.storyboard */; };
		032057E81E8DBB95005BCD1E /* MusicPlayerIOSTests.swift in Sources */ = {isa = PBXBuildFile; fileRef = 032057E71E8DBB95005BCD1E /* MusicPlayerIOSTests.swift */; };
		032057F31E8DBB95005BCD1E /* MusicPlayerIOSUITests.swift in Sources */ = {isa = PBXBuildFile; fileRef = 032057F21E8DBB95005BCD1E /* MusicPlayerIOSUITests.swift */; };
/* End PBXBuildFile section */

/* Begin PBXContainerItemProxy section */
		032057E41E8DBB95005BCD1E /* PBXContainerItemProxy */ = {
			isa = PBXContainerItemProxy;
			containerPortal = 032057C71E8DBB95005BCD1E /* Project object */;
			proxyType = 1;
			remoteGlobalIDString = 032057CE1E8DBB95005BCD1E;
			remoteInfo = MusicPlayerIOS;
		};
		032057EF1E8DBB95005BCD1E /* PBXContainerItemProxy */ = {
			isa = PBXContainerItemProxy;
			containerPortal = 032057C71E8DBB95005BCD1E /* Project object */;
			proxyType = 1;
			remoteGlobalIDString = 032057CE1E8DBB95005BCD1E;
			remoteInfo = MusicPlayerIOS;
		};
/* End PBXContainerItemProxy section */

/* Begin PBXFileReference section */
		032057CF1E8DBB95005BCD1E /* MusicPlayerIOS.app */ = {isa = PBXFileReference; explicitFileType = wrapper.application; includeInIndex = 0; path = MusicPlayerIOS.app; sourceTree = BUILT_PRODUCTS_DIR; };
		032057D21E8DBB95005BCD1E /* AppDelegate.swift */ = {isa = PBXFileReference; lastKnownFileType = sourcecode.swift; path = AppDelegate.swift; sourceTree = "<group>"; };
		032057D41E8DBB95005BCD1E /* ViewController.swift */ = {isa = PBXFileReference; lastKnownFileType = sourcecode.swift; path = ViewController.swift; sourceTree = "<group>"; };
		032057D71E8DBB95005BCD1E /* Base */ = {isa = PBXFileReference; lastKnownFileType = file.storyboard; name = Base; path = Base.lproj/Main.storyboard; sourceTree = "<group>"; };
		032057D91E8DBB95005BCD1E /* Assets.xcassets */ = {isa = PBXFileReference; lastKnownFileType = folder.assetcatalog; path = Assets.xcassets; sourceTree = "<group>"; };
		032057DC1E8DBB95005BCD1E /* Base */ = {isa = PBXFileReference; lastKnownFileType = file.storyboard; name = Base; path = Base.lproj/LaunchScreen.storyboard; sourceTree = "<group>"; };
		032057DE1E8DBB95005BCD1E /* Info.plist */ = {isa = PBXFileReference; lastKnownFileType = text.plist.xml; path = Info.plist; sourceTree = "<group>"; };
		032057E31E8DBB95005BCD1E /* MusicPlayerIOSTests.xctest */ = {isa = PBXFileReference; explicitFileType = wrapper.cfbundle; includeInIndex = 0; path = MusicPlayerIOSTests.xctest; sourceTree = BUILT_PRODUCTS_DIR; };
		032057E71E8DBB95005BCD1E /* MusicPlayerIOSTests.swift */ = {isa = PBXFileReference; lastKnownFileType = sourcecode.swift; path = MusicPlayerIOSTests.swift; sourceTree = "<group>"; };
		032057E91E8DBB95005BCD1E /* Info.plist */ = {isa = PBXFileReference; lastKnownFileType = text.plist.xml; path = Info.plist; sourceTree = "<group>"; };
		032057EE1E8DBB95005BCD1E /* MusicPlayerIOSUITests.xctest */ = {isa = PBXFileReference; explicitFileType = wrapper.cfbundle; includeInIndex = 0; path = MusicPlayerIOSUITests.xctest; sourceTree = BUILT_PRODUCTS_DIR; };
		032057F21E8DBB95005BCD1E /* MusicPlayerIOSUITests.swift */ = {isa = PBXFileReference; lastKnownFileType = sourcecode.swift; path = MusicPlayerIOSUITests.swift; sourceTree = "<group>"; };
		032057F41E8DBB95005BCD1E /* Info.plist */ = {isa = PBXFileReference; lastKnownFileType = text.plist.xml; path = Info.plist; sourceTree = "<group>"; };
/* End PBXFileReference section */

/* Begin PBXFrameworksBuildPhase section */
		032057CC1E8DBB95005BCD1E /* Frameworks */ = {
			isa = PBXFrameworksBuildPhase;
			buildActionMask = 2147483647;
			files = (
			);
			runOnlyForDeploymentPostprocessing = 0;
		};
		032057E01E8DBB95005BCD1E /* Frameworks */ = {
			isa = PBXFrameworksBuildPhase;
			buildActionMask = 2147483647;
			files = (
			);
			runOnlyForDeploymentPostprocessing = 0;
		};
		032057EB1E8DBB95005BCD1E /* Frameworks */ = {
			isa = PBXFrameworksBuildPhase;
			buildActionMask = 2147483647;
			files = (
			);
			runOnlyForDeploymentPostprocessing = 0;
		};
/* End PBXFrameworksBuildPhase section */

/* Begin PBXGroup section */
		032057C61E8DBB95005BCD1E = {
			isa = PBXGroup;
			children = (
				032057D11E8DBB95005BCD1E /* MusicPlayerIOS */,
				032057E61E8DBB95005BCD1E /* MusicPlayerIOSTests */,
				032057F11E8DBB95005BCD1E /* MusicPlayerIOSUITests */,
				032057D01E8DBB95005BCD1E /* Products */,
			);
			sourceTree = "<group>";
		};
		032057D01E8DBB95005BCD1E /* Products */ = {
			isa = PBXGroup;
			children = (
				032057CF1E8DBB95005BCD1E /* MusicPlayerIOS.app */,
				032057E31E8DBB95005BCD1E /* MusicPlayerIOSTests.xctest */,
				032057EE1E8DBB95005BCD1E /* MusicPlayerIOSUITests.xctest */,
			);
			name = Products;
			sourceTree = "<group>";
		};
		032057D11E8DBB95005BCD1E /* MusicPlayerIOS */ = {
			isa = PBXGroup;
			children = (
				032057D21E8DBB95005BCD1E /* AppDelegate.swift */,
				032057D41E8DBB95005BCD1E /* ViewController.swift */,
				032057D61E8DBB95005BCD1E /* Main.storyboard */,
				032057D91E8DBB95005BCD1E /* Assets.xcassets */,
				032057DB1E8DBB95005BCD1E /* LaunchScreen.storyboard */,
				032057DE1E8DBB95005BCD1E /* Info.plist */,
			);
			path = MusicPlayerIOS;
			sourceTree = "<group>";
		};
		032057E61E8DBB95005BCD1E /* MusicPlayerIOSTests */ = {
			isa = PBXGroup;
			children = (
				032057E71E8DBB95005BCD1E /* MusicPlayerIOSTests.swift */,
				032057E91E8DBB95005BCD1E /* Info.plist */,
			);
			path = MusicPlayerIOSTests;
			sourceTree = "<group>";
		};
		032057F11E8DBB95005BCD1E /* MusicPlayerIOSUITests */ = {
			isa = PBXGroup;
			children = (
				032057F21E8DBB95005BCD1E /* MusicPlayerIOSUITests.swift */,
				032057F41E8DBB95005BCD1E /* Info.plist */,
			);
			path = MusicPlayerIOSUITests;
			sourceTree = "<group>";
		};
/* End PBXGroup section */

/* Begin PBXNativeTarget section */
		032057CE1E8DBB95005BCD1E /* MusicPlayerIOS */ = {
			isa = PBXNativeTarget;
			buildConfigurationList = 032057F71E8DBB95005BCD1E /* Build configuration list for PBXNativeTarget "MusicPlayerIOS" */;
			buildPhases = (
				032057CB1E8DBB95005BCD1E /* Sources */,
				032057CC1E8DBB95005BCD1E /* Frameworks */,
				032057CD1E8DBB95005BCD1E /* Resources */,
			);
			buildRules = (
			);
			dependencies = (
			);
			name = MusicPlayerIOS;
			productName = MusicPlayerIOS;
			productReference = 032057CF1E8DBB95005BCD1E /* MusicPlayerIOS.app */;
			productType = "com.apple.product-type.application";
		};
		032057E21E8DBB95005BCD1E /* MusicPlayerIOSTests */ = {
			isa = PBXNativeTarget;
			buildConfigurationList = 032057FA1E8DBB95005BCD1E /* Build configuration list for PBXNativeTarget "MusicPlayerIOSTests" */;
			buildPhases = (
				032057DF1E8DBB95005BCD1E /* Sources */,
				032057E01E8DBB95005BCD1E /* Frameworks */,
				032057E11E8DBB95005BCD1E /* Resources */,
			);
			buildRules = (
			);
			dependencies = (
				032057E51E8DBB95005BCD1E /* PBXTargetDependency */,
			);
			name = MusicPlayerIOSTests;
			productName = MusicPlayerIOSTests;
			productReference = 032057E31E8DBB95005BCD1E /* MusicPlayerIOSTests.xctest */;
			productType = "com.apple.product-type.bundle.unit-test";
		};
		032057ED1E8DBB95005BCD1E /* MusicPlayerIOSUITests */ = {
			isa = PBXNativeTarget;
			buildConfigurationList = 032057FD1E8DBB95005BCD1E /* Build configuration list for PBXNativeTarget "MusicPlayerIOSUITests" */;
			buildPhases = (
				032057EA1E8DBB95005BCD1E /* Sources */,
				032057EB1E8DBB95005BCD1E /* Frameworks */,
				032057EC1E8DBB95005BCD1E /* Resources */,
			);
			buildRules = (
			);
			dependencies = (
				032057F01E8DBB95005BCD1E /* PBXTargetDependency */,
			);
			name = MusicPlayerIOSUITests;
			productName = MusicPlayerIOSUITests;
			productReference = 032057EE1E8DBB95005BCD1E /* MusicPlayerIOSUITests.xctest */;
			productType = "com.apple.product-type.bundle.ui-testing";
		};
/* End PBXNativeTarget section */

/* Begin PBXProject section */
		032057C71E8DBB95005BCD1E /* Project object */ = {
			isa = PBXProject;
			attributes = {
				LastSwiftUpdateCheck = 0820;
				LastUpgradeCheck = 0820;
				ORGANIZATIONNAME = "Ryan Weiler";
				TargetAttributes = {
					032057CE1E8DBB95005BCD1E = {
						CreatedOnToolsVersion = 8.2.1;
						DevelopmentTeam = 7G2VJ9MYDX;
						ProvisioningStyle = Automatic;
					};
					032057E21E8DBB95005BCD1E = {
						CreatedOnToolsVersion = 8.2.1;
						ProvisioningStyle = Automatic;
						TestTargetID = 032057CE1E8DBB95005BCD1E;
					};
					032057ED1E8DBB95005BCD1E = {
						CreatedOnToolsVersion = 8.2.1;
						ProvisioningStyle = Automatic;
						TestTargetID = 032057CE1E8DBB95005BCD1E;
					};
				};
			};
			buildConfigurationList = 032057CA1E8DBB95005BCD1E /* Build configuration list for PBXProject "MusicPlayerIOS" */;
			compatibilityVersion = "Xcode 3.2";
			developmentRegion = English;
			hasScannedForEncodings = 0;
			knownRegions = (
				en,
				Base,
			);
			mainGroup = 032057C61E8DBB95005BCD1E;
			productRefGroup = 032057D01E8DBB95005BCD1E /* Products */;
			projectDirPath = "";
			projectRoot = "";
			targets = (
				032057CE1E8DBB95005BCD1E /* MusicPlayerIOS */,
				032057E21E8DBB95005BCD1E /* MusicPlayerIOSTests */,
				032057ED1E8DBB95005BCD1E /* MusicPlayerIOSUITests */,
			);
		};
/* End PBXProject section */

/* Begin PBXResourcesBuildPhase section */
		032057CD1E8DBB95005BCD1E /* Resources */ = {
			isa = PBXResourcesBuildPhase;
			buildActionMask = 2147483647;
			files = (
				032057DD1E8DBB95005BCD1E /* LaunchScreen.storyboard in Resources */,
				032057DA1E8DBB95005BCD1E /* Assets.xcassets in Resources */,
				032057D81E8DBB95005BCD1E /* Main.storyboard in Resources */,
			);
			runOnlyForDeploymentPostprocessing = 0;
		};
		032057E11E8DBB95005BCD1E /* Resources */ = {
			isa = PBXResourcesBuildPhase;
			buildActionMask = 2147483647;
			files = (
			);
			runOnlyForDeploymentPostprocessing = 0;
		};
		032057EC1E8DBB95005BCD1E /* Resources */ = {
			isa = PBXResourcesBuildPhase;
			buildActionMask = 2147483647;
			files = (
			);
			runOnlyForDeploymentPostprocessing = 0;
		};
/* End PBXResourcesBuildPhase section */

/* Begin PBXSourcesBuildPhase section */
		032057CB1E8DBB95005BCD1E /* Sources */ = {
			isa = PBXSourcesBuildPhase;
			buildActionMask = 2147483647;
			files = (
				032057D51E8DBB95005BCD1E /* ViewController.swift in Sources */,
				032057D31E8DBB95005BCD1E /* AppDelegate.swift in Sources */,
			);
			runOnlyForDeploymentPostprocessing = 0;
		};
		032057DF1E8DBB95005BCD1E /* Sources */ = {
			isa = PBXSourcesBuildPhase;
			buildActionMask = 2147483647;
			files = (
				032057E81E8DBB95005BCD1E /* MusicPlayerIOSTests.swift in Sources */,
			);
			runOnlyForDeploymentPostprocessing = 0;
		};
		032057EA1E8DBB95005BCD1E /* Sources */ = {
			isa = PBXSourcesBuildPhase;
			buildActionMask = 2147483647;
			files = (
				032057F31E8DBB95005BCD1E /* MusicPlayerIOSUITests.swift in Sources */,
			);
			runOnlyForDeploymentPostprocessing = 0;
		};
/* End PBXSourcesBuildPhase section */

/* Begin PBXTargetDependency section */
		032057E51E8DBB95005BCD1E /* PBXTargetDependency */ = {
			isa = PBXTargetDependency;
			target = 032057CE1E8DBB95005BCD1E /* MusicPlayerIOS */;
			targetProxy = 032057E41E8DBB95005BCD1E /* PBXContainerItemProxy */;
		};
		032057F01E8DBB95005BCD1E /* PBXTargetDependency */ = {
			isa = PBXTargetDependency;
			target = 032057CE1E8DBB95005BCD1E /* MusicPlayerIOS */;
			targetProxy = 032057EF1E8DBB95005BCD1E /* PBXContainerItemProxy */;
		};
/* End PBXTargetDependency section */

/* Begin PBXVariantGroup section */
		032057D61E8DBB95005BCD1E /* Main.storyboard */ = {
			isa = PBXVariantGroup;
			children = (
				032057D71E8DBB95005BCD1E /* Base */,
			);
			name = Main.storyboard;
			sourceTree = "<group>";
		};
		032057DB1E8DBB95005BCD1E /* LaunchScreen.storyboard */ = {
			isa = PBXVariantGroup;
			children = (
				032057DC1E8DBB95005BCD1E /* Base */,
			);
			name = LaunchScreen.storyboard;
			sourceTree = "<group>";
		};
/* End PBXVariantGroup section */

/* Begin XCBuildConfiguration section */
		032057F51E8DBB95005BCD1E /* Debug */ = {
			isa = XCBuildConfiguration;
			buildSettings = {
				ALWAYS_SEARCH_USER_PATHS = NO;
				CLANG_ANALYZER_NONNULL = YES;
				CLANG_CXX_LANGUAGE_STANDARD = "gnu++0x";
				CLANG_CXX_LIBRARY = "libc++";
				CLANG_ENABLE_MODULES = YES;
				CLANG_ENABLE_OBJC_ARC = YES;
				CLANG_WARN_BOOL_CONVERSION = YES;
				CLANG_WARN_CONSTANT_CONVERSION = YES;
				CLANG_WARN_DIRECT_OBJC_ISA_USAGE = YES_ERROR;
				CLANG_WARN_DOCUMENTATION_COMMENTS = YES;
				CLANG_WARN_EMPTY_BODY = YES;
				CLANG_WARN_ENUM_CONVERSION = YES;
				CLANG_WARN_INFINITE_RECURSION = YES;
				CLANG_WARN_INT_CONVERSION = YES;
				CLANG_WARN_OBJC_ROOT_CLASS = YES_ERROR;
				CLANG_WARN_SUSPICIOUS_MOVE = YES;
				CLANG_WARN_UNREACHABLE_CODE = YES;
				CLANG_WARN__DUPLICATE_METHOD_MATCH = YES;
				"CODE_SIGN_IDENTITY[sdk=iphoneos*]" = "iPhone Developer";
				COPY_PHASE_STRIP = NO;
				DEBUG_INFORMATION_FORMAT = dwarf;
				ENABLE_STRICT_OBJC_MSGSEND = YES;
				ENABLE_TESTABILITY = YES;
				GCC_C_LANGUAGE_STANDARD = gnu99;
				GCC_DYNAMIC_NO_PIC = NO;
				GCC_NO_COMMON_BLOCKS = YES;
				GCC_OPTIMIZATION_LEVEL = 0;
				GCC_PREPROCESSOR_DEFINITIONS = (
					"DEBUG=1",
					"$(inherited)",
				);
				GCC_WARN_64_TO_32_BIT_CONVERSION = YES;
				GCC_WARN_ABOUT_RETURN_TYPE = YES_ERROR;
				GCC_WARN_UNDECLARED_SELECTOR = YES;
				GCC_WARN_UNINITIALIZED_AUTOS = YES_AGGRESSIVE;
				GCC_WARN_UNUSED_FUNCTION = YES;
				GCC_WARN_UNUSED_VARIABLE = YES;
				IPHONEOS_DEPLOYMENT_TARGET = 10.2;
				MTL_ENABLE_DEBUG_INFO = YES;
				ONLY_ACTIVE_ARCH = YES;
				SDKROOT = iphoneos;
				SWIFT_ACTIVE_COMPILATION_CONDITIONS = DEBUG;
				SWIFT_OPTIMIZATION_LEVEL = "-Onone";
			};
			name = Debug;
		};
		032057F61E8DBB95005BCD1E /* Release */ = {
			isa = XCBuildConfiguration;
			buildSettings = {
				ALWAYS_SEARCH_USER_PATHS = NO;
				CLANG_ANALYZER_NONNULL = YES;
				CLANG_CXX_LANGUAGE_STANDARD = "gnu++0x";
				CLANG_CXX_LIBRARY = "libc++";
				CLANG_ENABLE_MODULES = YES;
				CLANG_ENABLE_OBJC_ARC = YES;
				CLANG_WARN_BOOL_CONVERSION = YES;
				CLANG_WARN_CONSTANT_CONVERSION = YES;
				CLANG_WARN_DIRECT_OBJC_ISA_USAGE = YES_ERROR;
				CLANG_WARN_DOCUMENTATION_COMMENTS = YES;
				CLANG_WARN_EMPTY_BODY = YES;
				CLANG_WARN_ENUM_CONVERSION = YES;
				CLANG_WARN_INFINITE_RECURSION = YES;
				CLANG_WARN_INT_CONVERSION = YES;
				CLANG_WARN_OBJC_ROOT_CLASS = YES_ERROR;
				CLANG_WARN_SUSPICIOUS_MOVE = YES;
				CLANG_WARN_UNREACHABLE_CODE = YES;
				CLANG_WARN__DUPLICATE_METHOD_MATCH = YES;
				"CODE_SIGN_IDENTITY[sdk=iphoneos*]" = "iPhone Developer";
				COPY_PHASE_STRIP = NO;
				DEBUG_INFORMATION_FORMAT = "dwarf-with-dsym";
				ENABLE_NS_ASSERTIONS = NO;
				ENABLE_STRICT_OBJC_MSGSEND = YES;
				GCC_C_LANGUAGE_STANDARD = gnu99;
				GCC_NO_COMMON_BLOCKS = YES;
				GCC_WARN_64_TO_32_BIT_CONVERSION = YES;
				GCC_WARN_ABOUT_RETURN_TYPE = YES_ERROR;
				GCC_WARN_UNDECLARED_SELECTOR = YES;
				GCC_WARN_UNINITIALIZED_AUTOS = YES_AGGRESSIVE;
				GCC_WARN_UNUSED_FUNCTION = YES;
				GCC_WARN_UNUSED_VARIABLE = YES;
				IPHONEOS_DEPLOYMENT_TARGET = 10.2;
				MTL_ENABLE_DEBUG_INFO = NO;
				SDKROOT = iphoneos;
				SWIFT_OPTIMIZATION_LEVEL = "-Owholemodule";
				VALIDATE_PRODUCT = YES;
			};
			name = Release;
		};
		032057F81E8DBB95005BCD1E /* Debug */ = {
			isa = XCBuildConfiguration;
			buildSettings = {
				ASSETCATALOG_COMPILER_APPICON_NAME = AppIcon;
				DEVELOPMENT_TEAM = 7G2VJ9MYDX;
				INFOPLIST_FILE = MusicPlayerIOS/Info.plist;
				LD_RUNPATH_SEARCH_PATHS = "$(inherited) @executable_path/Frameworks";
				PRODUCT_BUNDLE_IDENTIFIER = com.BlueStarGames.CoffeeApp.MusicPlayerIOS;
				PRODUCT_NAME = "$(TARGET_NAME)";
				SWIFT_VERSION = 3.0;
			};
			name = Debug;
		};
		032057F91E8DBB95005BCD1E /* Release */ = {
			isa = XCBuildConfiguration;
			buildSettings = {
				ASSETCATALOG_COMPILER_APPICON_NAME = AppIcon;
				DEVELOPMENT_TEAM = 7G2VJ9MYDX;
				INFOPLIST_FILE = MusicPlayerIOS/Info.plist;
				LD_RUNPATH_SEARCH_PATHS = "$(inherited) @executable_path/Frameworks";
				PRODUCT_BUNDLE_IDENTIFIER = com.BlueStarGames.CoffeeApp.MusicPlayerIOS;
				PRODUCT_NAME = "$(TARGET_NAME)";
				SWIFT_VERSION = 3.0;
			};
			name = Release;
		};
		032057FB1E8DBB95005BCD1E /* Debug */ = {
			isa = XCBuildConfiguration;
			buildSettings = {
				ALWAYS_EMBED_SWIFT_STANDARD_LIBRARIES = YES;
				BUNDLE_LOADER = "$(TEST_HOST)";
				INFOPLIST_FILE = MusicPlayerIOSTests/Info.plist;
				LD_RUNPATH_SEARCH_PATHS = "$(inherited) @executable_path/Frameworks @loader_path/Frameworks";
				PRODUCT_BUNDLE_IDENTIFIER = com.BlueStarGames.CoffeeApp.MusicPlayerIOSTests;
				PRODUCT_NAME = "$(TARGET_NAME)";
				SWIFT_VERSION = 3.0;
				TEST_HOST = "$(BUILT_PRODUCTS_DIR)/MusicPlayerIOS.app/MusicPlayerIOS";
			};
			name = Debug;
		};
		032057FC1E8DBB95005BCD1E /* Release */ = {
			isa = XCBuildConfiguration;
			buildSettings = {
				ALWAYS_EMBED_SWIFT_STANDARD_LIBRARIES = YES;
				BUNDLE_LOADER = "$(TEST_HOST)";
				INFOPLIST_FILE = MusicPlayerIOSTests/Info.plist;
				LD_RUNPATH_SEARCH_PATHS = "$(inherited) @executable_path/Frameworks @loader_path/Frameworks";
				PRODUCT_BUNDLE_IDENTIFIER = com.BlueStarGames.CoffeeApp.MusicPlayerIOSTests;
				PRODUCT_NAME = "$(TARGET_NAME)";
				SWIFT_VERSION = 3.0;
				TEST_HOST = "$(BUILT_PRODUCTS_DIR)/MusicPlayerIOS.app/MusicPlayerIOS";
			};
			name = Release;
		};
		032057FE1E8DBB95005BCD1E /* Debug */ = {
			isa = XCBuildConfiguration;
			buildSettings = {
				ALWAYS_EMBED_SWIFT_STANDARD_LIBRARIES = YES;
				INFOPLIST_FILE = MusicPlayerIOSUITests/Info.plist;
				LD_RUNPATH_SEARCH_PATHS = "$(inherited) @executable_path/Frameworks @loader_path/Frameworks";
				PRODUCT_BUNDLE_IDENTIFIER = com.BlueStarGames.CoffeeApp.MusicPlayerIOSUITests;
				PRODUCT_NAME = "$(TARGET_NAME)";
				SWIFT_VERSION = 3.0;
				TEST_TARGET_NAME = MusicPlayerIOS;
			};
			name = Debug;
		};
		032057FF1E8DBB95005BCD1E /* Release */ = {
			isa = XCBuildConfiguration;
			buildSettings = {
				ALWAYS_EMBED_SWIFT_STANDARD_LIBRARIES = YES;
				INFOPLIST_FILE = MusicPlayerIOSUITests/Info.plist;
				LD_RUNPATH_SEARCH_PATHS = "$(inherited) @executable_path/Frameworks @loader_path/Frameworks";
				PRODUCT_BUNDLE_IDENTIFIER = com.BlueStarGames.CoffeeApp.MusicPlayerIOSUITests;
				PRODUCT_NAME = "$(TARGET_NAME)";
				SWIFT_VERSION = 3.0;
				TEST_TARGET_NAME = MusicPlayerIOS;
			};
			name = Release;
		};
/* End XCBuildConfiguration section */

/* Begin XCConfigurationList section */
		032057CA1E8DBB95005BCD1E /* Build configuration list for PBXProject "MusicPlayerIOS" */ = {
			isa = XCConfigurationList;
			buildConfigurations = (
				032057F51E8DBB95005BCD1E /* Debug */,
				032057F61E8DBB95005BCD1E /* Release */,
			);
			defaultConfigurationIsVisible = 0;
			defaultConfigurationName = Release;
		};
		032057F71E8DBB95005BCD1E /* Build configuration list for PBXNativeTarget "MusicPlayerIOS" */ = {
			isa = XCConfigurationList;
			buildConfigurations = (
				032057F81E8DBB95005BCD1E /* Debug */,
				032057F91E8DBB95005BCD1E /* Release */,
			);
			defaultConfigurationIsVisible = 0;
		};
		032057FA1E8DBB95005BCD1E /* Build configuration list for PBXNativeTarget "MusicPlayerIOSTests" */ = {
			isa = XCConfigurationList;
			buildConfigurations = (
				032057FB1E8DBB95005BCD1E /* Debug */,
				032057FC1E8DBB95005BCD1E /* Release */,
			);
			defaultConfigurationIsVisible = 0;
		};
		032057FD1E8DBB95005BCD1E /* Build configuration list for PBXNativeTarget "MusicPlayerIOSUITests" */ = {
			isa = XCConfigurationList;
			buildConfigurations = (
				032057FE1E8DBB95005BCD1E /* Debug */,
				032057FF1E8DBB95005BCD1E /* Release */,
			);
			defaultConfigurationIsVisible = 0;
		};
/* End XCConfigurationList section */
	};
	rootObject = 032057C71E8DBB95005BCD1E /* Project object */;
}
